
Microsoft Visual Studio Solution File, Format Version 12.00
# Visual Studio Version 16
VisualStudioVersion = 16.0.30907.101
MinimumVisualStudioVersion = 10.0.40219.1
Project("{FAE04EC0-301F-11D3-BF4B-00C04F79EFBC}") = "BasicsOfLoops", "BasicsOfLoops\BasicsOfLoops.csproj", "{7B82D8CE-53D2-4265-928B-DF2E8B41757C}"
EndProject
Global
	GlobalSection(SolutionConfigurationPlatforms) = preSolution
		Debug|Any CPU = Debug|Any CPU
		Release|Any CPU = Release|Any CPU
	EndGlobalSection
	GlobalSection(ProjectConfigurationPlatforms) = postSolution
		{7B82D8CE-53D2-4265-928B-DF2E8B41757C}.Debug|Any CPU.ActiveCfg = Debug|Any CPU
		{7B82D8CE-53D2-4265-928B-DF2E8B41757C}.Debug|Any CPU.Build.0 = Debug|Any CPU
		{7B82D8CE-53D2-4265-928B-DF2E8B41757C}.Release|Any CPU.ActiveCfg = Release|Any CPU
		{7B82D8CE-53D2-4265-928B-DF2E8B41757C}.Release|Any CPU.Build.0 = Release|Any CPU
	EndGlobalSection
	GlobalSection(SolutionProperties) = preSolution
		HideSolutionNode = FALSE
	EndGlobalSection
	GlobalSection(ExtensibilityGlobals) = postSolution
		SolutionGuid = {EDF0CE96-EA94-45B1-BB4A-0B51472527CD}
	EndGlobalSection
EndGlobal
